github.com/crescolincs/lincs-theme v0.0.0-20240405091543-83923b2b4118 h1:ltM1mtbeT86kDotPVBBUcmBOiwoi6r+er9egxQ491S4=
github.com/crescolincs/lincs-theme v0.0.0-20240405091543-83923b2b4118/go.mod h1:ni1ll4vPX/ckofk6OO22SrUB+Vgms2jSZSE5gRuN+UY=
github.com/crescolincs/lincs-theme v0.0.0-20240408090058-cdb7e03c058a h1:zRFfF7vRtRqvUL06K4ZelTNdHNI724V49BmJB7aQsXg=
github.com/crescolincs/lincs-theme v0.0.0-20240408090058-cdb7e03c058a/go.mod h1:ni1ll4vPX/ckofk6OO22SrUB+Vgms2jSZSE5gRuN+UY=
github.com/crescolincs/lincs-theme v0.0.0-20240408090930-f0f56e73af2d h1:4aDjPH2iQIJdPjy89UE9rE/b4uydEECETIqLLVgeB0E=
github.com/crescolincs/lincs-theme v0.0.0-20240408090930-f0f56e73af2d/go.mod h1:ni1ll4vPX/ckofk6OO22SrUB+Vgms2jSZSE5gRuN+UY=
github.com/crescolincs/lincs-theme v0.0.0-20240408091245-f0e734c45f1f h1:D6zUd7EeqVvd2VBDoPFKESX9v6OVe/YcYRM3gz4U7Sg=
github.com/crescolincs/lincs-theme v0.0.0-20240408091245-f0e734c45f1f/go.mod h1:ni1ll4vPX/ckofk6OO22SrUB+Vgms2jSZSE5gRuN+UY=
github.com/crescolincs/lincs-theme v0.0.0-20240408091455-ed379e768976 h1:Hapixnj/jBUORpZOd9+5xa1BeG9TGqDgiUbPCe7quMk=
github.com/crescolincs/lincs-theme v0.0.0-20240408091455-ed379e768976/go.mod h1:ni1ll4vPX/ckofk6OO22SrUB+Vgms2jSZSE5gRuN+UY=
github.com/crescolincs/lincs-theme v0.0.0-20240408092031-0e9a4aeab465 h1:SkpzMmcYt04pqTrxL9sWd9SjUTgPGa8q2p1mDR5SLME=
github.com/crescolincs/lincs-theme v0.0.0-20240408092031-0e9a4aeab465/go.mod h1:ni1ll4vPX/ckofk6OO22SrUB+Vgms2jSZSE5gRuN+UY=
github.com/crescolincs/lincs-theme v0.0.0-20240408110740-ec6257e3d57d h1:xopgjHNXqa/oQoew6I9tWdi37dE3ajsSBDJ87pfOywM=
github.com/crescolincs/lincs-theme v0.0.0-20240408110740-ec6257e3d57d/go.mod h1:ni1ll4vPX/ckofk6OO22SrUB+Vgms2jSZSE5gRuN+UY=
github.com/crescolincs/lincs-theme v0.0.0-20240408120803-0d9ce3d1746a h1:xG4Ewf6bF52LGXs/ZYzTZMhVtFOxpvyzIs5AaIbdD4w=
github.com/crescolincs/lincs-theme v0.0.0-20240408120803-0d9ce3d1746a/go.mod h1:ni1ll4vPX/ckofk6OO22SrUB+Vgms2jSZSE5gRuN+UY=
github.com/crescolincs/lincs-theme v0.0.0-20240408120940-23e2e76bb866 h1:slmvHnHIW+J7vExpEq3q3kXVHxMCcEQz2SE++cjDIcg=
github.com/crescolincs/lincs-theme v0.0.0-20240408120940-23e2e76bb866/go.mod h1:ni1ll4vPX/ckofk6OO22SrUB+Vgms2jSZSE5gRuN+UY=
github.com/crescolincs/lincs-theme v0.0.0-20240408122011-eef02597eb45 h1:k2fF7Dl28n6z4qrFzbAo04GwGvxTo1n7SVh3KcrCMYM=
github.com/crescolincs/lincs-theme v0.0.0-20240408122011-eef02597eb45/go.mod h1:ni1ll4vPX/ckofk6OO22SrUB+Vgms2jSZSE5gRuN+UY=
github.com/crescolincs/lincs-theme v0.0.0-20240408123328-12fad5e471c5 h1:64weaQPLtEJNqu30Br0QLPTb2zN7Q/8oQAgCkrL+dI4=
github.com/crescolincs/lincs-theme v0.0.0-20240408123328-12fad5e471c5/go.mod h1:ni1ll4vPX/ckofk6OO22SrUB+Vgms2jSZSE5gRuN+UY=
github.com/crescolincs/lincs-theme v0.0.0-20240408141450-9a7836fde2d9 h1:+6emol2AkK0vvVcJK1Ne4U5Q7AIsk5VprdUKJfOeWb0=
github.com/crescolincs/lincs-theme v0.0.0-20240408141450-9a7836fde2d9/go.mod h1:ni1ll4vPX/ckofk6OO22SrUB+Vgms2jSZSE5gRuN+UY=
github.com/crescolincs/lincs-theme v0.0.0-20240408141600-a3da6b10b2dd h1:ADmc5wNzS7u4efI3snJidrOi/rpPGF7oIVExF3FJ8Wo=
github.com/crescolincs/lincs-theme v0.0.0-20240408141600-a3da6b10b2dd/go.mod h1:ni1ll4vPX/ckofk6OO22SrUB+Vgms2jSZSE5gRuN+UY=
github.com/crescolincs/lincs-theme v0.0.0-20240408141846-d6b9975480f8 h1:fkaOMejufn8Mh2UkbLrXlNmk0lRyVrLruzyx1vlC3VQ=
github.com/crescolincs/lincs-theme v0.0.0-20240408141846-d6b9975480f8/go.mod h1:ni1ll4vPX/ckofk6OO22SrUB+Vgms2jSZSE5gRuN+UY=
github.com/crescolincs/lincs-theme v0.0.0-20240408144123-f450d17c634a h1:U29fSjYvXBMAmvF7ONkMcObkHlREjLczqMcdZSFrk0o=
github.com/crescolincs/lincs-theme v0.0.0-20240408144123-f450d17c634a/go.mod h1:ni1ll4vPX/ckofk6OO22SrUB+Vgms2jSZSE5gRuN+UY=
github.com/crescolincs/lincs-theme v0.0.0-20240408144640-1d328f818050 h1:wX8tagY/CRMXj4MxC/ZX59lFY3THqQXM9fluD7jSkBU=
github.com/crescolincs/lincs-theme v0.0.0-20240408144640-1d328f818050/go.mod h1:ni1ll4vPX/ckofk6OO22SrUB+Vgms2jSZSE5gRuN+UY=
github.com/crescolincs/lincs-theme v0.0.0-20240408153643-8e07579965e7 h1:msWavy2VBar+DQapiSAmlcD/JmFJCE/h+axZZmcsLMI=
github.com/crescolincs/lincs-theme v0.0.0-20240408153643-8e07579965e7/go.mod h1:ni1ll4vPX/ckofk6OO22SrUB+Vgms2jSZSE5gRuN+UY=
github.com/crescolincs/lincs-theme v0.0.0-20240408153949-32586118eb8c h1:dVGkTox9Bz5en076Y/o8N7IA5unfTj2W0izYfpBV600=
github.com/crescolincs/lincs-theme v0.0.0-20240408153949-32586118eb8c/go.mod h1:ni1ll4vPX/ckofk6OO22SrUB+Vgms2jSZSE5gRuN+UY=
github.com/crescolincs/lincs-theme v0.0.0-20240408154702-6769a9851d0e h1:ZXcP1qcpR1r2y/57ofy7ZG6vehNvMyE4hMRcI2ZMnXA=
github.com/crescolincs/lincs-theme v0.0.0-20240408154702-6769a9851d0e/go.mod h1:ni1ll4vPX/ckofk6OO22SrUB+Vgms2jSZSE5gRuN+UY=
github.com/crescolincs/lincs-theme v0.0.0-20240408213343-c5956e734e89 h1:xlP40Lx1yeaKgfQvgatHSY7JJPrKa7Nje8dLJqUN1Lk=
github.com/crescolincs/lincs-theme v0.0.0-20240408213343-c5956e734e89/go.mod h1:ni1ll4vPX/ckofk6OO22SrUB+Vgms2jSZSE5gRuN+UY=
github.com/crescolincs/lincs-theme v0.0.0-20240408213534-cc3d52a044c9 h1:aHI9RdfzF5JjMnf12KkpnaArxgRwhsa1LmL+NjMYcBE=
github.com/crescolincs/lincs-theme v0.0.0-20240408213534-cc3d52a044c9/go.mod h1:ni1ll4vPX/ckofk6OO22SrUB+Vgms2jSZSE5gRuN+UY=
github.com/crescolincs/lincs-theme v0.0.0-20240408215815-a9711eaad0aa h1:upangabc02QYTDgm94kD6Dk+kUGiGgg0/NrVTT7N+8E=
github.com/crescolincs/lincs-theme v0.0.0-20240408215815-a9711eaad0aa/go.mod h1:ni1ll4vPX/ckofk6OO22SrUB+Vgms2jSZSE5gRuN+UY=
github.com/crescolincs/lincs-theme v0.0.0-20240408230423-428cf891235a h1:ZlUrYIpGp4vvS6CjNofoQin5NeFRDL9jFZ/lJP1dPhY=
github.com/crescolincs/lincs-theme v0.0.0-20240408230423-428cf891235a/go.mod h1:ni1ll4vPX/ckofk6OO22SrUB+Vgms2jSZSE5gRuN+UY=
github.com/crescolincs/lincs-theme v0.0.0-20240408231232-f99040b0a163 h1:946HpWnAg2C2eHEcoDEeDJtaw02ePI7NaxOMNILXFMw=
github.com/crescolincs/lincs-theme v0.0.0-20240408231232-f99040b0a163/go.mod h1:ni1ll4vPX/ckofk6OO22SrUB+Vgms2jSZSE5gRuN+UY=
github.com/crescolincs/lincs-theme v0.0.0-20240408232758-ee4f5732acd9 h1:4knlHRZvbnSXlDiI7Jr3JEUvxQYtTWxoL9Ph04/85ec=
github.com/crescolincs/lincs-theme v0.0.0-20240408232758-ee4f5732acd9/go.mod h1:ni1ll4vPX/ckofk6OO22SrUB+Vgms2jSZSE5gRuN+UY=
github.com/crescolincs/lincs-theme v0.0.0-20240409094716-ab48b9b4b5a6 h1:vq25XWs0PcJEryyErUapNfN60n/e4RzwnPl5HLWosA4=
github.com/crescolincs/lincs-theme v0.0.0-20240409094716-ab48b9b4b5a6/go.mod h1:ni1ll4vPX/ckofk6OO22SrUB+Vgms2jSZSE5gRuN+UY=
github.com/crescolincs/lincs-theme v0.0.0-20240409101232-c0333a4e5c4b h1:56CJuXvDoMd1edD+3aUHkXRKy84Kr/80WrBZc6+NBfs=
github.com/crescolincs/lincs-theme v0.0.0-20240409101232-c0333a4e5c4b/go.mod h1:ni1ll4vPX/ckofk6OO22SrUB+Vgms2jSZSE5gRuN+UY=
github.com/crescolincs/lincs-theme v0.0.0-20240409103205-00dfaaa77678 h1:7gF/eWRnuikloj3qzjTAXxojgwpumbEd4UB/BIGkphc=
github.com/crescolincs/lincs-theme v0.0.0-20240409103205-00dfaaa77678/go.mod h1:ni1ll4vPX/ckofk6OO22SrUB+Vgms2jSZSE5gRuN+UY=
github.com/crescolincs/lincs-theme v0.0.0-20240409104023-590ba8375320 h1:WXf3W7CTFYxqR+I4Ss3if5RnCe7FmOv8V6yLjDvNhS8=
github.com/crescolincs/lincs-theme v0.0.0-20240409104023-590ba8375320/go.mod h1:ni1ll4vPX/ckofk6OO22SrUB+Vgms2jSZSE5gRuN+UY=
github.com/crescolincs/lincs-theme v0.0.0-20240409114457-04028ca986c9 h1:pQ0IEPiIq98ShDL2FLj3jT/jcEBa95n15tT83aRDcEQ=
github.com/crescolincs/lincs-theme v0.0.0-20240409114457-04028ca986c9/go.mod h1:ni1ll4vPX/ckofk6OO22SrUB+Vgms2jSZSE5gRuN+UY=
github.com/crescolincs/lincs-theme v0.0.0-20240409115046-082593093beb h1:JA3Rwbc8EwL4jKlCiOZm1ZTvJHc35J5iZ/+rjyvNMrQ=
github.com/crescolincs/lincs-theme v0.0.0-20240409115046-082593093beb/go.mod h1:ni1ll4vPX/ckofk6OO22SrUB+Vgms2jSZSE5gRuN+UY=
github.com/crescolincs/lincs-theme v0.0.0-20240409115322-ec90adcdff33 h1:tCR9R394ohvxWv9W+Yw037Rlf6cNWPBND+hmmlOQenA=
github.com/crescolincs/lincs-theme v0.0.0-20240409115322-ec90adcdff33/go.mod h1:ni1ll4vPX/ckofk6OO22SrUB+Vgms2jSZSE5gRuN+UY=
github.com/crescolincs/lincs-theme v0.0.0-20240409115847-c9c54482f402 h1:4XHxYhgWc6nsxihXFtc67maZPYTEjZTxEQaP4+tHhas=
github.com/crescolincs/lincs-theme v0.0.0-20240409115847-c9c54482f402/go.mod h1:ni1ll4vPX/ckofk6OO22SrUB+Vgms2jSZSE5gRuN+UY=
github.com/crescolincs/lincs-theme v0.0.0-20240409121649-0f669cdba21c h1:n8h0CwFPnBOgMECCbeLlbxFUSPh0EssjqbMy9gti9qg=
github.com/crescolincs/lincs-theme v0.0.0-20240409121649-0f669cdba21c/go.mod h1:ni1ll4vPX/ckofk6OO22SrUB+Vgms2jSZSE5gRuN+UY=
github.com/crescolincs/lincs-theme v0.0.0-20240409121922-166e61b415b8 h1:oGMUe0iqJWiKHiicamoIENHltVvKZEurP5X2JsTJtyQ=
github.com/crescolincs/lincs-theme v0.0.0-20240409121922-166e61b415b8/go.mod h1:ni1ll4vPX/ckofk6OO22SrUB+Vgms2jSZSE5gRuN+UY=
github.com/crescolincs/lincs-theme v0.0.0-20240409123746-0fab2d6289a6 h1:JdYP8eoq6nliF5EEE7o5GYwOse+HRHyq/bcktFsfffY=
github.com/crescolincs/lincs-theme v0.0.0-20240409123746-0fab2d6289a6/go.mod h1:ni1ll4vPX/ckofk6OO22SrUB+Vgms2jSZSE5gRuN+UY=
github.com/crescolincs/lincs-theme v0.0.0-20240409144609-c1316a033fb3 h1:4uHh1axUWlaiE7UErxw4wmYqYQK8D8sODp0ugseeCtQ=
github.com/crescolincs/lincs-theme v0.0.0-20240409144609-c1316a033fb3/go.mod h1:ni1ll4vPX/ckofk6OO22SrUB+Vgms2jSZSE5gRuN+UY=
github.com/crescolincs/lincs-theme v0.0.0-20240409145139-37f1ebf3d7fc h1:lejz99ZiOk9wIEcdOKpwLZeQWIrDsmZnnxMw8U8kDX0=
github.com/crescolincs/lincs-theme v0.0.0-20240409145139-37f1ebf3d7fc/go.mod h1:ni1ll4vPX/ckofk6OO22SrUB+Vgms2jSZSE5gRuN+UY=
github.com/crescolincs/lincs-theme v0.0.0-20240409151032-d2d0077fde59 h1:DXaGPnYHPYvYO+iL1LxkxXsEhbfJxCml4WRzy8HQI9Y=
github.com/crescolincs/lincs-theme v0.0.0-20240409151032-d2d0077fde59/go.mod h1:ni1ll4vPX/ckofk6OO22SrUB+Vgms2jSZSE5gRuN+UY=
github.com/crescolincs/lincs-theme v0.0.0-20240409151504-c0f7a85f0189 h1:kh68Xg5dI/CaxrUF89b/h2HKAdgMMkuyK7nJI6Anx7c=
github.com/crescolincs/lincs-theme v0.0.0-20240409151504-c0f7a85f0189/go.mod h1:ni1ll4vPX/ckofk6OO22SrUB+Vgms2jSZSE5gRuN+UY=
github.com/crescolincs/lincs-theme v0.0.0-20240409152030-30af06a39e70 h1:c3kdntcgNOcgCBSY0YRikEjX/uwH6dpHZT1uJggToK0=
github.com/crescolincs/lincs-theme v0.0.0-20240409152030-30af06a39e70/go.mod h1:ni1ll4vPX/ckofk6OO22SrUB+Vgms2jSZSE5gRuN+UY=
github.com/crescolincs/lincs-theme v0.0.0-20240409152333-af5e11e7ace2 h1:6mJQOwp/XLG/RknrOw9yx+awsYzM2MU1UJBGmaScpEw=
github.com/crescolincs/lincs-theme v0.0.0-20240409152333-af5e11e7ace2/go.mod h1:ni1ll4vPX/ckofk6OO22SrUB+Vgms2jSZSE5gRuN+UY=
github.com/crescolincs/lincs-theme v0.0.0-20240410120437-9d4507a2ea1c h1:NPTrXSQ7N7SfHIAjzTwkTnn9mJkXRbc+ifDO1m8h3Ro=
github.com/crescolincs/lincs-theme v0.0.0-20240410120437-9d4507a2ea1c/go.mod h1:ni1ll4vPX/ckofk6OO22SrUB+Vgms2jSZSE5gRuN+UY=
github.com/crescolincs/lincs-theme v0.0.0-20240410121907-3f0a55dace15 h1:RMxXEaGW7IveWfENKlWNRbM0XL9QeZaPr1p7FGoFrVc=
github.com/crescolincs/lincs-theme v0.0.0-20240410121907-3f0a55dace15/go.mod h1:ni1ll4vPX/ckofk6OO22SrUB+Vgms2jSZSE5gRuN+UY=
github.com/crescolincs/lincs-theme v0.0.0-20240410165433-337dad65144c h1:MyVzIb1nCcnNn9QGJfruXb0POcelXKYPKV5mTTVhhe4=
github.com/crescolincs/lincs-theme v0.0.0-20240410165433-337dad65144c/go.mod h1:ni1ll4vPX/ckofk6OO22SrUB+Vgms2jSZSE5gRuN+UY=
github.com/crescolincs/lincs-theme v0.0.0-20240411093009-a63a15d4e142 h1:sYvL8/kRQc0bGTZXnWGVY/Gp4eHd+ew4yXv3Cbv4cG4=
github.com/crescolincs/lincs-theme v0.0.0-20240411093009-a63a15d4e142/go.mod h1:ni1ll4vPX/ckofk6OO22SrUB+Vgms2jSZSE5gRuN+UY=
github.com/crescolincs/lincs-theme v0.0.0-20240411115408-c0260701ef0c h1:b+9LP14cHd4GSzGvEjzdS9PH5wfwtKdtHPI4qcImxJE=
github.com/crescolincs/lincs-theme v0.0.0-20240411115408-c0260701ef0c/go.mod h1:ni1ll4vPX/ckofk6OO22SrUB+Vgms2jSZSE5gRuN+UY=
github.com/crescolincs/lincs-theme v0.0.0-20240411121119-037363e815db h1:5KtRlA3rHNNci6ZDpwFdU2PNDhkctU9K+JnbxNBSqjc=
github.com/crescolincs/lincs-theme v0.0.0-20240411121119-037363e815db/go.mod h1:ni1ll4vPX/ckofk6OO22SrUB+Vgms2jSZSE5gRuN+UY=
github.com/crescolincs/lincs-theme v0.0.0-20240411121527-ef81e541ceee h1:m3kCtH7DPvQWxbf3WTtx3BegHfBa8cgbiRs4ZoDbRag=
github.com/crescolincs/lincs-theme v0.0.0-20240411121527-ef81e541ceee/go.mod h1:ni1ll4vPX/ckofk6OO22SrUB+Vgms2jSZSE5gRuN+UY=
github.com/crescolincs/lincs-theme v0.0.0-20240411121750-66ddf2b65d3b h1:Tgqjo0JJwYJUtLsKZaehxn8OXDVkG/uQ0/hDK2ZzxJw=
github.com/crescolincs/lincs-theme v0.0.0-20240411121750-66ddf2b65d3b/go.mod h1:ni1ll4vPX/ckofk6OO22SrUB+Vgms2jSZSE5gRuN+UY=
github.com/crescolincs/lincs-theme v0.0.0-20240411123228-f881b7e7667b h1:EehKMvpc90gO44JBST1lNKo7BpLTARx7/V84yUT8sYw=
github.com/crescolincs/lincs-theme v0.0.0-20240411123228-f881b7e7667b/go.mod h1:ni1ll4vPX/ckofk6OO22SrUB+Vgms2jSZSE5gRuN+UY=
github.com/crescolincs/lincs-theme v0.0.0-20240411124019-e9fdc4cdfe10 h1:0SNg8DiMJLrdU9HJOk7YB84khBBrpJtDZfAm7AEanAc=
github.com/crescolincs/lincs-theme v0.0.0-20240411124019-e9fdc4cdfe10/go.mod h1:ni1ll4vPX/ckofk6OO22SrUB+Vgms2jSZSE5gRuN+UY=
github.com/crescolincs/lincs-theme v0.0.0-20240411135941-6bee6245c65b h1:ixr5Ep8Swq5tt0wIOx+0lh2NQLCjcmc5hH8/85iFHw8=
github.com/crescolincs/lincs-theme v0.0.0-20240411135941-6bee6245c65b/go.mod h1:ni1ll4vPX/ckofk6OO22SrUB+Vgms2jSZSE5gRuN+UY=
github.com/crescolincs/lincs-theme v0.0.0-20240411140408-f336f00ccf31 h1:5vK4tGKzjILxNt/1L6Yc7NRLuia8gz/3Z243q+JUNaU=
github.com/crescolincs/lincs-theme v0.0.0-20240411140408-f336f00ccf31/go.mod h1:ni1ll4vPX/ckofk6OO22SrUB+Vgms2jSZSE5gRuN+UY=
github.com/crescolincs/lincs-theme v0.0.0-20240411141516-bace6ab7f1d4 h1:62h1/IYXY7HdqoV9oH5c246iAlJodWePO2uc1xHppac=
github.com/crescolincs/lincs-theme v0.0.0-20240411141516-bace6ab7f1d4/go.mod h1:ni1ll4vPX/ckofk6OO22SrUB+Vgms2jSZSE5gRuN+UY=
github.com/crescolincs/lincs-theme v0.0.0-20240411144552-f66007d36404 h1:TuUZWfxL9I7neDVz/SWxueGA7IfNB+XzvOJedwizE/8=
github.com/crescolincs/lincs-theme v0.0.0-20240411144552-f66007d36404/go.mod h1:ni1ll4vPX/ckofk6OO22SrUB+Vgms2jSZSE5gRuN+UY=
github.com/crescolincs/lincs-theme v0.0.0-20240411145106-af71cbdb1fa8 h1:J0gyvir7+mhv1QI3mEUM2MWEUE9cwLEBsyIy5W3mq04=
github.com/crescolincs/lincs-theme v0.0.0-20240411145106-af71cbdb1fa8/go.mod h1:ni1ll4vPX/ckofk6OO22SrUB+Vgms2jSZSE5gRuN+UY=
github.com/crescolincs/lincs-theme v0.0.0-20240411150810-718c4e5241e5 h1:czlfbQjgeFA1kD8Uvc9z6E6dT5AkWDaZ2zXl8+phzpA=
github.com/crescolincs/lincs-theme v0.0.0-20240411150810-718c4e5241e5/go.mod h1:ni1ll4vPX/ckofk6OO22SrUB+Vgms2jSZSE5gRuN+UY=
github.com/crescolincs/lincs-theme v0.0.0-20240411152507-05fb11b57cca h1:Krl3/knTd3Gdngj9R+wBeibHjAE5EFi70gDHYOeFNM8=
github.com/crescolincs/lincs-theme v0.0.0-20240411152507-05fb11b57cca/go.mod h1:ni1ll4vPX/ckofk6OO22SrUB+Vgms2jSZSE5gRuN+UY=
github.com/crescolincs/lincs-theme v0.0.0-20240411155952-0113c22aafc5 h1:Joo6HkCfj5L4mZh1D8eRWLaJqr/yiYCrIL68up0NSSs=
github.com/crescolincs/lincs-theme v0.0.0-20240411155952-0113c22aafc5/go.mod h1:ni1ll4vPX/ckofk6OO22SrUB+Vgms2jSZSE5gRuN+UY=
github.com/crescolincs/lincs-theme v0.0.0-20240411165501-1dc2f12a2319 h1:MhfCCncYyUOopV/bV3i01t+lHgTRfzkT5r4f69l7I9I=
github.com/crescolincs/lincs-theme v0.0.0-20240411165501-1dc2f12a2319/go.mod h1:ni1ll4vPX/ckofk6OO22SrUB+Vgms2jSZSE5gRuN+UY=
github.com/crescolincs/lincs-theme v0.0.0-20240411172016-0305e1454a90 h1:2ItmghR6dk97V5v0kQ9md7F0wDxlto9GXyCca4wzEUg=
github.com/crescolincs/lincs-theme v0.0.0-20240411172016-0305e1454a90/go.mod h1:ni1ll4vPX/ckofk6OO22SrUB+Vgms2jSZSE5gRuN+UY=
github.com/crescolincs/lincs-theme v0.0.0-20240411172545-2e6943148fc5 h1:DLHeLGeyfpFtatoxfENt+Pd1RQ5zKsjF6u13eVD8mVA=
github.com/crescolincs/lincs-theme v0.0.0-20240411172545-2e6943148fc5/go.mod h1:ni1ll4vPX/ckofk6OO22SrUB+Vgms2jSZSE5gRuN+UY=
github.com/crescolincs/lincs-theme v0.0.0-20240411172729-fc0e809bebab h1:voBdQIIjfDdYj/oThjeyFBHjVt19LPv4Nm6MFtC+7Uc=
github.com/crescolincs/lincs-theme v0.0.0-20240411172729-fc0e809bebab/go.mod h1:ni1ll4vPX/ckofk6OO22SrUB+Vgms2jSZSE5gRuN+UY=
github.com/crescolincs/lincs-theme v0.0.0-20240411173342-4abfa7c5a051 h1:TV+325yrWV8HwRa+mgHgB9tyAZlV6ARaINov4N9fLVQ=
github.com/crescolincs/lincs-theme v0.0.0-20240411173342-4abfa7c5a051/go.mod h1:ni1ll4vPX/ckofk6OO22SrUB+Vgms2jSZSE5gRuN+UY=
github.com/crescolincs/lincs-theme v0.0.0-20240411173523-8ce534ae2805 h1:hEIjCYXTSq8eOLWlq7SM6Oj0MhmJf/Cm3tbwiDuSQfA=
github.com/crescolincs/lincs-theme v0.0.0-20240411173523-8ce534ae2805/go.mod h1:ni1ll4vPX/ckofk6OO22SrUB+Vgms2jSZSE5gRuN+UY=
github.com/crescolincs/lincs-theme v0.0.0-20240411174040-d07331034e85 h1:5Ub7MLkSaoiV4rUUP/oan/KBFb0/u3FsVN1hsDdhCUY=
github.com/crescolincs/lincs-theme v0.0.0-20240411174040-d07331034e85/go.mod h1:ni1ll4vPX/ckofk6OO22SrUB+Vgms2jSZSE5gRuN+UY=
github.com/crescolincs/lincs-theme v0.0.0-20240411180340-80b8bdfea67f h1:1o/e4X6iSyswHu/eN2amYurn9sd6zx39q987WDvbTGU=
github.com/crescolincs/lincs-theme v0.0.0-20240411180340-80b8bdfea67f/go.mod h1:ni1ll4vPX/ckofk6OO22SrUB+Vgms2jSZSE5gRuN+UY=
github.com/crescolincs/lincs-theme v0.0.0-20240411181021-f35ee1a0da79 h1:OoHmXGMWdXjP5N1nxRiUKwxkdvlzf5MO15B4oRsOcn8=
github.com/crescolincs/lincs-theme v0.0.0-20240411181021-f35ee1a0da79/go.mod h1:ni1ll4vPX/ckofk6OO22SrUB+Vgms2jSZSE5gRuN+UY=
github.com/crescolincs/lincs-theme v0.0.0-20240411181347-ad75aad5d1db h1:u1tAB5+nwXMY2xoT5dF7/CkEHYXRZQ+pJ/B0cwel9sY=
github.com/crescolincs/lincs-theme v0.0.0-20240411181347-ad75aad5d1db/go.mod h1:ni1ll4vPX/ckofk6OO22SrUB+Vgms2jSZSE5gRuN+UY=
github.com/crescolincs/lincs-theme v0.0.0-20240412163118-1f593b59c816 h1:jiTTWqp4si0/i++sSEqQrQxpKijC7/CC/BjOV7l+VPg=
github.com/crescolincs/lincs-theme v0.0.0-20240412163118-1f593b59c816/go.mod h1:ni1ll4vPX/ckofk6OO22SrUB+Vgms2jSZSE5gRuN+UY=
github.com/crescolincs/lincs-theme v0.0.0-20240413142503-e014b0126658 h1:UYTkG4RkCd7SOaaln56IVf5788GwzYXO0t7DGRcp2+o=
github.com/crescolincs/lincs-theme v0.0.0-20240413142503-e014b0126658/go.mod h1:ni1ll4vPX/ckofk6OO22SrUB+Vgms2jSZSE5gRuN+UY=
github.com/crescolincs/lincs-theme v0.0.0-20240415223037-8f4e3b30f828 h1:5NfW+GA+4iT6sC9IG70wN8QDd0qP+i9fmYv2h8HqGAs=
github.com/crescolincs/lincs-theme v0.0.0-20240415223037-8f4e3b30f828/go.mod h1:ni1ll4vPX/ckofk6OO22SrUB+Vgms2jSZSE5gRuN+UY=
github.com/crescolincs/lincs-theme v0.0.0-20240416115914-3b9a224865be h1:B3Vi6EmjDXcCYOtRM0hfNznV6wN/1eJKftq25MgVy5w=
github.com/crescolincs/lincs-theme v0.0.0-20240416115914-3b9a224865be/go.mod h1:ni1ll4vPX/ckofk6OO22SrUB+Vgms2jSZSE5gRuN+UY=
github.com/crescolincs/lincs-theme v0.0.0-20240416170133-1bf20f11d919 h1:3ZlVZQ09DJipXmAZ+RLO2tsADG9rHSiXv2KiVKhWp3o=
github.com/crescolincs/lincs-theme v0.0.0-20240416170133-1bf20f11d919/go.mod h1:ni1ll4vPX/ckofk6OO22SrUB+Vgms2jSZSE5gRuN+UY=
github.com/crescolincs/lincs-theme v0.0.0-20240416172844-fd262d950dd9 h1:g19DmTtm7Aj7if5UWC8IVMdU3XcIf2efT/SBAfEv7Fk=
github.com/crescolincs/lincs-theme v0.0.0-20240416172844-fd262d950dd9/go.mod h1:ni1ll4vPX/ckofk6OO22SrUB+Vgms2jSZSE5gRuN+UY=
github.com/crescolincs/lincs-theme v0.0.0-20240417083423-4afeddaa463a h1:WqJZ4FEAqnyGnar8ErnCg/6Qzl3P3pIo13dnhORuXDY=
github.com/crescolincs/lincs-theme v0.0.0-20240417083423-4afeddaa463a/go.mod h1:ni1ll4vPX/ckofk6OO22SrUB+Vgms2jSZSE5gRuN+UY=
github.com/crescolincs/lincs-theme v0.0.0-20240417084500-f06fd0ad14af h1:Kq3dSoQGgCtjS81jRGN+M6Kb1YLu8GkQiae/WNn0A9w=
github.com/crescolincs/lincs-theme v0.0.0-20240417084500-f06fd0ad14af/go.mod h1:ni1ll4vPX/ckofk6OO22SrUB+Vgms2jSZSE5gRuN+UY=
github.com/crescolincs/lincs-theme v0.0.0-20240417090755-eb29d8926f92 h1:0Js0oU/5XAJEv3CslG/Uw0DQb1O0H9EL/c/xHu2wZuA=
github.com/crescolincs/lincs-theme v0.0.0-20240417090755-eb29d8926f92/go.mod h1:ni1ll4vPX/ckofk6OO22SrUB+Vgms2jSZSE5gRuN+UY=
github.com/crescolincs/lincs-theme v0.0.0-20240417095125-01512f2e93c0 h1:4J3yfV/W4TYco4pejuaWdMMBFNhwqMN6OEjEl+Kjp2c=
github.com/crescolincs/lincs-theme v0.0.0-20240417095125-01512f2e93c0/go.mod h1:ni1ll4vPX/ckofk6OO22SrUB+Vgms2jSZSE5gRuN+UY=
github.com/crescolincs/lincs-theme v0.0.0-20240417154749-c05cb8b51651 h1:QdcImflG+mKZsAoNdWBKOx2dJdqj3z4ExQAk9ZsegiI=
github.com/crescolincs/lincs-theme v0.0.0-20240417154749-c05cb8b51651/go.mod h1:ni1ll4vPX/ckofk6OO22SrUB+Vgms2jSZSE5gRuN+UY=
github.com/crescolincs/lincs-theme v0.0.0-20240419115550-811f73512ff5 h1:FCR7mmtbWni4BE0SkgD2LKgGt8MdhLRNWws+jAIYb+Y=
github.com/crescolincs/lincs-theme v0.0.0-20240419115550-811f73512ff5/go.mod h1:ni1ll4vPX/ckofk6OO22SrUB+Vgms2jSZSE5gRuN+UY=
github.com/crescolincs/lincs-theme v0.0.0-20240419122224-1a809c3d176c h1:5NqoeiEMl8Jb0VVLUwfyU8YS7jYgB7flv+XvzrQVswQ=
github.com/crescolincs/lincs-theme v0.0.0-20240419122224-1a809c3d176c/go.mod h1:ni1ll4vPX/ckofk6OO22SrUB+Vgms2jSZSE5gRuN+UY=
github.com/crescolincs/lincs-theme v0.0.0-20240419122413-9b37ec1663fb h1:oLcDPn8bLbUrEbptrjHZjN2m0e2JfJfHLQWBQy9KmG8=
github.com/crescolincs/lincs-theme v0.0.0-20240419122413-9b37ec1663fb/go.mod h1:ni1ll4vPX/ckofk6OO22SrUB+Vgms2jSZSE5gRuN+UY=
github.com/crescolincs/lincs-theme v0.0.0-20240419122811-430748b6ea54 h1:tWlNYl/Sh3GOXxgYkExyv2FjkqhIl6CbyfKiNqIfnsc=
github.com/crescolincs/lincs-theme v0.0.0-20240419122811-430748b6ea54/go.mod h1:ni1ll4vPX/ckofk6OO22SrUB+Vgms2jSZSE5gRuN+UY=
github.com/crescolincs/lincs-theme v0.0.0-20240419123657-fe4b1949a984 h1:RRK2LCx9ajS3TPL/Zgsk/yQziwvuwfDv1807CByUn/o=
github.com/crescolincs/lincs-theme v0.0.0-20240419123657-fe4b1949a984/go.mod h1:ni1ll4vPX/ckofk6OO22SrUB+Vgms2jSZSE5gRuN+UY=
github.com/crescolincs/lincs-theme v0.0.0-20240419153849-183e85481e50 h1:IcWoF5brXlKYy6Te3S71323ZpZsTIIXwdylY18vRPe4=
github.com/crescolincs/lincs-theme v0.0.0-20240419153849-183e85481e50/go.mod h1:ni1ll4vPX/ckofk6OO22SrUB+Vgms2jSZSE5gRuN+UY=
github.com/crescolincs/lincs-theme v0.0.0-20240419154731-f555fe052096 h1:03lIJN1e3p8YILUAgz6fgR9gITJ/HfMObJsVotG6OwA=
github.com/crescolincs/lincs-theme v0.0.0-20240419154731-f555fe052096/go.mod h1:ni1ll4vPX/ckofk6OO22SrUB+Vgms2jSZSE5gRuN+UY=
github.com/crescolincs/lincs-theme v0.0.0-20240419155734-b7ef873c4229 h1:q+sO41ZJOLpfyGoq3hv5g8s/0VNIYbpJGOyHsB4jb8E=
github.com/crescolincs/lincs-theme v0.0.0-20240419155734-b7ef873c4229/go.mod h1:ni1ll4vPX/ckofk6OO22SrUB+Vgms2jSZSE5gRuN+UY=
github.com/crescolincs/lincs-theme v0.0.0-20240419160309-54f2e75774af h1:TcwoXcFLPuHJoOnW6MV6vQ1tG0givzb/uc+girppMtw=
github.com/crescolincs/lincs-theme v0.0.0-20240419160309-54f2e75774af/go.mod h1:ni1ll4vPX/ckofk6OO22SrUB+Vgms2jSZSE5gRuN+UY=
github.com/crescolincs/lincs-theme v0.0.0-20240419160446-a18b0bbc505a h1:zOuIE3ZjsMajlWT6AtoLlysMhqD5mh9cPdYB9tSTT0E=
github.com/crescolincs/lincs-theme v0.0.0-20240419160446-a18b0bbc505a/go.mod h1:ni1ll4vPX/ckofk6OO22SrUB+Vgms2jSZSE5gRuN+UY=
github.com/crescolincs/lincs-theme v0.0.0-20240419160824-803ad537668a h1:hyt52oEUkkTxrCGNko0zuzfbIgR2cPRa2B8QMlCjRY4=
github.com/crescolincs/lincs-theme v0.0.0-20240419160824-803ad537668a/go.mod h1:ni1ll4vPX/ckofk6OO22SrUB+Vgms2jSZSE5gRuN+UY=
github.com/crescolincs/lincs-theme v0.0.0-20240419161451-2e10b42859be h1:CbJX9HvlGDukd9S4i3zSiBOsKeWMdxzbA8sXml5wXUM=
github.com/crescolincs/lincs-theme v0.0.0-20240419161451-2e10b42859be/go.mod h1:ni1ll4vPX/ckofk6OO22SrUB+Vgms2jSZSE5gRuN+UY=
github.com/crescolincs/lincs-theme v0.0.0-20240419161545-5cebf125201a h1:uUAJNB2pYbrZs6Ni9Op4PmvGnFkCE4pp8UBZJVuZMXY=
github.com/crescolincs/lincs-theme v0.0.0-20240419161545-5cebf125201a/go.mod h1:ni1ll4vPX/ckofk6OO22SrUB+Vgms2jSZSE5gRuN+UY=
github.com/crescolincs/lincs-theme v0.0.0-20240419162101-12efbed02caf h1:V8zdY6MiuL8AmJ6VM1cOK86p7bXXOytLaGfHNzn4r8A=
github.com/crescolincs/lincs-theme v0.0.0-20240419162101-12efbed02caf/go.mod h1:ni1ll4vPX/ckofk6OO22SrUB+Vgms2jSZSE5gRuN+UY=
github.com/crescolincs/lincs-theme v0.0.0-20240419162549-6ebbf6a4dbef h1:YjAmYPMMprIs6xBEM4PfMu9VMlxy7OwWOJ8LSzVcGQQ=
github.com/crescolincs/lincs-theme v0.0.0-20240419162549-6ebbf6a4dbef/go.mod h1:ni1ll4vPX/ckofk6OO22SrUB+Vgms2jSZSE5gRuN+UY=
github.com/crescolincs/lincs-theme v0.0.0-20240419163117-b8e62bc9a424 h1:L4DpkWWsjQ4dThGUmzGVFWSAFq/AHl7VvpD3HEDc12Q=
github.com/crescolincs/lincs-theme v0.0.0-20240419163117-b8e62bc9a424/go.mod h1:ni1ll4vPX/ckofk6OO22SrUB+Vgms2jSZSE5gRuN+UY=
github.com/crescolincs/lincs-theme v0.0.0-20240419163626-ea073133fb26 h1:UJU2glpE4YQCPop88QF7cB4VZHCSbQysuk2W5wgaNVM=
github.com/crescolincs/lincs-theme v0.0.0-20240419163626-ea073133fb26/go.mod h1:ni1ll4vPX/ckofk6OO22SrUB+Vgms2jSZSE5gRuN+UY=
github.com/crescolincs/lincs-theme v0.0.0-20240419164118-557e3d57f576 h1:sCUu6/3Rfcy3YVOO+Z/mCBUeoVm3tGbK2pvfELfooQs=
github.com/crescolincs/lincs-theme v0.0.0-20240419164118-557e3d57f576/go.mod h1:ni1ll4vPX/ckofk6OO22SrUB+Vgms2jSZSE5gRuN+UY=
github.com/crescolincs/lincs-theme v0.0.0-20240419164354-65a9eca9d229 h1:01Sj4qLJxWai8jcK1zo3jOvbFdVbLDrVCeYFmhPMkeU=
github.com/crescolincs/lincs-theme v0.0.0-20240419164354-65a9eca9d229/go.mod h1:ni1ll4vPX/ckofk6OO22SrUB+Vgms2jSZSE5gRuN+UY=
github.com/crescolincs/lincs-theme v0.0.0-20240419164608-6a6c485870ec h1:JGXFjyz+Tgntj0XIX+Cqm5v5gURVG+Y+Jkwyu7ZYktY=
github.com/crescolincs/lincs-theme v0.0.0-20240419164608-6a6c485870ec/go.mod h1:ni1ll4vPX/ckofk6OO22SrUB+Vgms2jSZSE5gRuN+UY=
github.com/crescolincs/lincs-theme v0.0.0-20240419172113-b66e5cba4f61 h1:oK+KDwLjaZ3uiycIH9Sp/wNPZta0AyATd6dG9z4EF3I=
github.com/crescolincs/lincs-theme v0.0.0-20240419172113-b66e5cba4f61/go.mod h1:ni1ll4vPX/ckofk6OO22SrUB+Vgms2jSZSE5gRuN+UY=
github.com/crescolincs/lincs-theme v0.0.0-20240419172854-b6cbf4935afc h1:Gw8hn7VtBn0Z4/3rqS/6NNH4mBoJg8l4Xf+QSTpMcHM=
github.com/crescolincs/lincs-theme v0.0.0-20240419172854-b6cbf4935afc/go.mod h1:ni1ll4vPX/ckofk6OO22SrUB+Vgms2jSZSE5gRuN+UY=
github.com/crescolincs/lincs-theme v0.0.0-20240419173126-6b4bb9567151 h1:NcVBSlRNs9vwaaJPo4JqCSkTVhgu6hsBuQWBmcZqGdE=
github.com/crescolincs/lincs-theme v0.0.0-20240419173126-6b4bb9567151/go.mod h1:ni1ll4vPX/ckofk6OO22SrUB+Vgms2jSZSE5gRuN+UY=
github.com/crescolincs/lincs-theme v0.0.0-20240419180721-c1d5bc833245 h1:3j/8PU9raMUNSTjToNNjMEIVXo+iHoa33CJhPzHIp8A=
github.com/crescolincs/lincs-theme v0.0.0-20240419180721-c1d5bc833245/go.mod h1:ni1ll4vPX/ckofk6OO22SrUB+Vgms2jSZSE5gRuN+UY=
github.com/crescolincs/lincs-theme v0.0.0-20240419181335-c8bd2ac235a8 h1:LSObb9tFy1lq+4e+4Dgm5uhZMVbtVdNYVjkqBmHvkvU=
github.com/crescolincs/lincs-theme v0.0.0-20240419181335-c8bd2ac235a8/go.mod h1:ni1ll4vPX/ckofk6OO22SrUB+Vgms2jSZSE5gRuN+UY=
github.com/crescolincs/lincs-theme v0.0.0-20240419181521-0e1419b1c23a h1:o00PY/VCZv1pvlJLmnoYXEUnn4Ectr0qNW+sMvioApE=
github.com/crescolincs/lincs-theme v0.0.0-20240419181521-0e1419b1c23a/go.mod h1:ni1ll4vPX/ckofk6OO22SrUB+Vgms2jSZSE5gRuN+UY=
github.com/crescolincs/lincs-theme v0.0.0-20240419181818-6336e0647b85 h1:FbNfSH0myXTKFgdWydJ9P06jbKyS5TAL49bFGvnY+C0=
github.com/crescolincs/lincs-theme v0.0.0-20240419181818-6336e0647b85/go.mod h1:ni1ll4vPX/ckofk6OO22SrUB+Vgms2jSZSE5gRuN+UY=
github.com/crescolincs/lincs-theme v0.0.0-20240419182242-128992c61428 h1:KppUBdzld2ejloVLxe2FRpOTPlI2zIT0lw18IbsnDmg=
github.com/crescolincs/lincs-theme v0.0.0-20240419182242-128992c61428/go.mod h1:ni1ll4vPX/ckofk6OO22SrUB+Vgms2jSZSE5gRuN+UY=
github.com/crescolincs/lincs-theme v0.0.0-20240419183325-75737b8108d3 h1:zF2aruTgV1wUCpZp4J2Lssv/wFEvplWuPpQmuBaRkH4=
github.com/crescolincs/lincs-theme v0.0.0-20240419183325-75737b8108d3/go.mod h1:ni1ll4vPX/ckofk6OO22SrUB+Vgms2jSZSE5gRuN+UY=
github.com/crescolincs/lincs-theme v0.0.0-20240421132643-fab8bca11ac2 h1:EAIEP37Ar6Eu5UxcKWQqvTwAW8+duOtkduFtjXmfe70=
github.com/crescolincs/lincs-theme v0.0.0-20240421132643-fab8bca11ac2/go.mod h1:ni1ll4vPX/ckofk6OO22SrUB+Vgms2jSZSE5gRuN+UY=
github.com/crescolincs/lincs-theme v0.0.0-20240421140251-a334700e6fc6 h1:SurAQvNPIMVQid60LRcNCSJHHxJTctfcQ5UUBGcDIVU=
github.com/crescolincs/lincs-theme v0.0.0-20240421140251-a334700e6fc6/go.mod h1:ni1ll4vPX/ckofk6OO22SrUB+Vgms2jSZSE5gRuN+UY=
