github.com/crescolincs/lincs-theme v0.0.0-20240405091543-83923b2b4118 h1:ltM1mtbeT86kDotPVBBUcmBOiwoi6r+er9egxQ491S4=
github.com/crescolincs/lincs-theme v0.0.0-20240405091543-83923b2b4118/go.mod h1:ni1ll4vPX/ckofk6OO22SrUB+Vgms2jSZSE5gRuN+UY=
github.com/crescolincs/lincs-theme v0.0.0-20240408090058-cdb7e03c058a h1:zRFfF7vRtRqvUL06K4ZelTNdHNI724V49BmJB7aQsXg=
github.com/crescolincs/lincs-theme v0.0.0-20240408090058-cdb7e03c058a/go.mod h1:ni1ll4vPX/ckofk6OO22SrUB+Vgms2jSZSE5gRuN+UY=
github.com/crescolincs/lincs-theme v0.0.0-20240408090930-f0f56e73af2d h1:4aDjPH2iQIJdPjy89UE9rE/b4uydEECETIqLLVgeB0E=
github.com/crescolincs/lincs-theme v0.0.0-20240408090930-f0f56e73af2d/go.mod h1:ni1ll4vPX/ckofk6OO22SrUB+Vgms2jSZSE5gRuN+UY=
github.com/crescolincs/lincs-theme v0.0.0-20240408091245-f0e734c45f1f h1:D6zUd7EeqVvd2VBDoPFKESX9v6OVe/YcYRM3gz4U7Sg=
github.com/crescolincs/lincs-theme v0.0.0-20240408091245-f0e734c45f1f/go.mod h1:ni1ll4vPX/ckofk6OO22SrUB+Vgms2jSZSE5gRuN+UY=
github.com/crescolincs/lincs-theme v0.0.0-20240408091455-ed379e768976 h1:Hapixnj/jBUORpZOd9+5xa1BeG9TGqDgiUbPCe7quMk=
github.com/crescolincs/lincs-theme v0.0.0-20240408091455-ed379e768976/go.mod h1:ni1ll4vPX/ckofk6OO22SrUB+Vgms2jSZSE5gRuN+UY=
github.com/crescolincs/lincs-theme v0.0.0-20240408092031-0e9a4aeab465 h1:SkpzMmcYt04pqTrxL9sWd9SjUTgPGa8q2p1mDR5SLME=
github.com/crescolincs/lincs-theme v0.0.0-20240408092031-0e9a4aeab465/go.mod h1:ni1ll4vPX/ckofk6OO22SrUB+Vgms2jSZSE5gRuN+UY=
github.com/crescolincs/lincs-theme v0.0.0-20240408110740-ec6257e3d57d h1:xopgjHNXqa/oQoew6I9tWdi37dE3ajsSBDJ87pfOywM=
github.com/crescolincs/lincs-theme v0.0.0-20240408110740-ec6257e3d57d/go.mod h1:ni1ll4vPX/ckofk6OO22SrUB+Vgms2jSZSE5gRuN+UY=
github.com/crescolincs/lincs-theme v0.0.0-20240408120803-0d9ce3d1746a h1:xG4Ewf6bF52LGXs/ZYzTZMhVtFOxpvyzIs5AaIbdD4w=
github.com/crescolincs/lincs-theme v0.0.0-20240408120803-0d9ce3d1746a/go.mod h1:ni1ll4vPX/ckofk6OO22SrUB+Vgms2jSZSE5gRuN+UY=
github.com/crescolincs/lincs-theme v0.0.0-20240408120940-23e2e76bb866 h1:slmvHnHIW+J7vExpEq3q3kXVHxMCcEQz2SE++cjDIcg=
github.com/crescolincs/lincs-theme v0.0.0-20240408120940-23e2e76bb866/go.mod h1:ni1ll4vPX/ckofk6OO22SrUB+Vgms2jSZSE5gRuN+UY=
github.com/crescolincs/lincs-theme v0.0.0-20240408122011-eef02597eb45 h1:k2fF7Dl28n6z4qrFzbAo04GwGvxTo1n7SVh3KcrCMYM=
github.com/crescolincs/lincs-theme v0.0.0-20240408122011-eef02597eb45/go.mod h1:ni1ll4vPX/ckofk6OO22SrUB+Vgms2jSZSE5gRuN+UY=
github.com/crescolincs/lincs-theme v0.0.0-20240408123328-12fad5e471c5 h1:64weaQPLtEJNqu30Br0QLPTb2zN7Q/8oQAgCkrL+dI4=
github.com/crescolincs/lincs-theme v0.0.0-20240408123328-12fad5e471c5/go.mod h1:ni1ll4vPX/ckofk6OO22SrUB+Vgms2jSZSE5gRuN+UY=
github.com/crescolincs/lincs-theme v0.0.0-20240408141450-9a7836fde2d9 h1:+6emol2AkK0vvVcJK1Ne4U5Q7AIsk5VprdUKJfOeWb0=
github.com/crescolincs/lincs-theme v0.0.0-20240408141450-9a7836fde2d9/go.mod h1:ni1ll4vPX/ckofk6OO22SrUB+Vgms2jSZSE5gRuN+UY=
github.com/crescolincs/lincs-theme v0.0.0-20240408141600-a3da6b10b2dd h1:ADmc5wNzS7u4efI3snJidrOi/rpPGF7oIVExF3FJ8Wo=
github.com/crescolincs/lincs-theme v0.0.0-20240408141600-a3da6b10b2dd/go.mod h1:ni1ll4vPX/ckofk6OO22SrUB+Vgms2jSZSE5gRuN+UY=
github.com/crescolincs/lincs-theme v0.0.0-20240408141846-d6b9975480f8 h1:fkaOMejufn8Mh2UkbLrXlNmk0lRyVrLruzyx1vlC3VQ=
github.com/crescolincs/lincs-theme v0.0.0-20240408141846-d6b9975480f8/go.mod h1:ni1ll4vPX/ckofk6OO22SrUB+Vgms2jSZSE5gRuN+UY=
github.com/crescolincs/lincs-theme v0.0.0-20240408144123-f450d17c634a h1:U29fSjYvXBMAmvF7ONkMcObkHlREjLczqMcdZSFrk0o=
github.com/crescolincs/lincs-theme v0.0.0-20240408144123-f450d17c634a/go.mod h1:ni1ll4vPX/ckofk6OO22SrUB+Vgms2jSZSE5gRuN+UY=
github.com/crescolincs/lincs-theme v0.0.0-20240408144640-1d328f818050 h1:wX8tagY/CRMXj4MxC/ZX59lFY3THqQXM9fluD7jSkBU=
github.com/crescolincs/lincs-theme v0.0.0-20240408144640-1d328f818050/go.mod h1:ni1ll4vPX/ckofk6OO22SrUB+Vgms2jSZSE5gRuN+UY=
github.com/crescolincs/lincs-theme v0.0.0-20240408153643-8e07579965e7 h1:msWavy2VBar+DQapiSAmlcD/JmFJCE/h+axZZmcsLMI=
github.com/crescolincs/lincs-theme v0.0.0-20240408153643-8e07579965e7/go.mod h1:ni1ll4vPX/ckofk6OO22SrUB+Vgms2jSZSE5gRuN+UY=
github.com/crescolincs/lincs-theme v0.0.0-20240408153949-32586118eb8c h1:dVGkTox9Bz5en076Y/o8N7IA5unfTj2W0izYfpBV600=
github.com/crescolincs/lincs-theme v0.0.0-20240408153949-32586118eb8c/go.mod h1:ni1ll4vPX/ckofk6OO22SrUB+Vgms2jSZSE5gRuN+UY=
github.com/crescolincs/lincs-theme v0.0.0-20240408154702-6769a9851d0e h1:ZXcP1qcpR1r2y/57ofy7ZG6vehNvMyE4hMRcI2ZMnXA=
github.com/crescolincs/lincs-theme v0.0.0-20240408154702-6769a9851d0e/go.mod h1:ni1ll4vPX/ckofk6OO22SrUB+Vgms2jSZSE5gRuN+UY=
github.com/crescolincs/lincs-theme v0.0.0-20240408213343-c5956e734e89 h1:xlP40Lx1yeaKgfQvgatHSY7JJPrKa7Nje8dLJqUN1Lk=
github.com/crescolincs/lincs-theme v0.0.0-20240408213343-c5956e734e89/go.mod h1:ni1ll4vPX/ckofk6OO22SrUB+Vgms2jSZSE5gRuN+UY=
github.com/crescolincs/lincs-theme v0.0.0-20240408213534-cc3d52a044c9 h1:aHI9RdfzF5JjMnf12KkpnaArxgRwhsa1LmL+NjMYcBE=
github.com/crescolincs/lincs-theme v0.0.0-20240408213534-cc3d52a044c9/go.mod h1:ni1ll4vPX/ckofk6OO22SrUB+Vgms2jSZSE5gRuN+UY=
github.com/crescolincs/lincs-theme v0.0.0-20240408215815-a9711eaad0aa h1:upangabc02QYTDgm94kD6Dk+kUGiGgg0/NrVTT7N+8E=
github.com/crescolincs/lincs-theme v0.0.0-20240408215815-a9711eaad0aa/go.mod h1:ni1ll4vPX/ckofk6OO22SrUB+Vgms2jSZSE5gRuN+UY=
github.com/crescolincs/lincs-theme v0.0.0-20240408230423-428cf891235a h1:ZlUrYIpGp4vvS6CjNofoQin5NeFRDL9jFZ/lJP1dPhY=
github.com/crescolincs/lincs-theme v0.0.0-20240408230423-428cf891235a/go.mod h1:ni1ll4vPX/ckofk6OO22SrUB+Vgms2jSZSE5gRuN+UY=
github.com/crescolincs/lincs-theme v0.0.0-20240408231232-f99040b0a163 h1:946HpWnAg2C2eHEcoDEeDJtaw02ePI7NaxOMNILXFMw=
github.com/crescolincs/lincs-theme v0.0.0-20240408231232-f99040b0a163/go.mod h1:ni1ll4vPX/ckofk6OO22SrUB+Vgms2jSZSE5gRuN+UY=
github.com/crescolincs/lincs-theme v0.0.0-20240408232758-ee4f5732acd9 h1:4knlHRZvbnSXlDiI7Jr3JEUvxQYtTWxoL9Ph04/85ec=
github.com/crescolincs/lincs-theme v0.0.0-20240408232758-ee4f5732acd9/go.mod h1:ni1ll4vPX/ckofk6OO22SrUB+Vgms2jSZSE5gRuN+UY=
github.com/crescolincs/lincs-theme v0.0.0-20240409094716-ab48b9b4b5a6 h1:vq25XWs0PcJEryyErUapNfN60n/e4RzwnPl5HLWosA4=
github.com/crescolincs/lincs-theme v0.0.0-20240409094716-ab48b9b4b5a6/go.mod h1:ni1ll4vPX/ckofk6OO22SrUB+Vgms2jSZSE5gRuN+UY=
github.com/crescolincs/lincs-theme v0.0.0-20240409101232-c0333a4e5c4b h1:56CJuXvDoMd1edD+3aUHkXRKy84Kr/80WrBZc6+NBfs=
github.com/crescolincs/lincs-theme v0.0.0-20240409101232-c0333a4e5c4b/go.mod h1:ni1ll4vPX/ckofk6OO22SrUB+Vgms2jSZSE5gRuN+UY=
github.com/crescolincs/lincs-theme v0.0.0-20240409103205-00dfaaa77678 h1:7gF/eWRnuikloj3qzjTAXxojgwpumbEd4UB/BIGkphc=
github.com/crescolincs/lincs-theme v0.0.0-20240409103205-00dfaaa77678/go.mod h1:ni1ll4vPX/ckofk6OO22SrUB+Vgms2jSZSE5gRuN+UY=
github.com/crescolincs/lincs-theme v0.0.0-20240409104023-590ba8375320 h1:WXf3W7CTFYxqR+I4Ss3if5RnCe7FmOv8V6yLjDvNhS8=
github.com/crescolincs/lincs-theme v0.0.0-20240409104023-590ba8375320/go.mod h1:ni1ll4vPX/ckofk6OO22SrUB+Vgms2jSZSE5gRuN+UY=
